
Microsoft Visual Studio Solution File, Format Version 12.00
# Visual Studio Version 16
VisualStudioVersion = 16.0.28902.138
MinimumVisualStudioVersion = 10.0.40219.1
Project("{2150E333-8FDC-42A3-9474-1A3956D46DE8}") = "scripts", "scripts", "{A531EF62-149A-4F9D-9031-75E6EB6DDE7F}"
	ProjectSection(SolutionItems) = preProject
		.travis.yml = .travis.yml
		scripts\docker-build-local.sh = scripts\docker-build-local.sh
		scripts\docker-publish.sh = scripts\docker-publish.sh
		scripts\dotnet-build-local.sh = scripts\dotnet-build-local.sh
		scripts\dotnet-build.sh = scripts\dotnet-build.sh
		scripts\dotnet-publish.sh = scripts\dotnet-publish.sh
	EndProjectSection
EndProject
Project("{2150E333-8FDC-42A3-9474-1A3956D46DE8}") = "src", "src", "{E9B0C4EC-7EE1-4F04-9E46-8111B93D269E}"
EndProject
Project("{2150E333-8FDC-42A3-9474-1A3956D46DE8}") = "tests", "tests", "{B0A13D4F-6324-49A4-94B2-2F3867B84688}"
EndProject
Project("{2150E333-8FDC-42A3-9474-1A3956D46DE8}") = "Application", "Application", "{5279F2B1-D276-4C32-8D1D-5C2DF0A65D7A}"
EndProject
Project("{9A19103F-16F7-4668-BE54-9A1E7A4F7556}") = "Accoon.Pitshop.CustomerApi.Application", "src\Pitshop.CustomerApi\Accoon.Pitshop.CustomerApi.Application\Accoon.Pitshop.CustomerApi.Application.csproj", "{277E1BC9-B2A8-4AB1-9E1F-D3B3A6F49F7F}"
EndProject
Project("{2150E333-8FDC-42A3-9474-1A3956D46DE8}") = "Presenter", "Presenter", "{81609441-4AB1-48E4-8217-019B73B5F08C}"
EndProject
Project("{9A19103F-16F7-4668-BE54-9A1E7A4F7556}") = "Accoon.Pitshop.CustomerApi.Presenter", "src\Pitshop.CustomerApi\Accoon.Pitshop.CustomerApi.Presenter\Accoon.Pitshop.CustomerApi.Presenter.csproj", "{595489CB-1DD7-420E-8B2F-7EC24992C3E0}"
EndProject
Project("{2150E333-8FDC-42A3-9474-1A3956D46DE8}") = "Domain", "Domain", "{B747CC1A-0F15-45EE-ABF2-0FB777BC6A75}"
EndProject
Project("{9A19103F-16F7-4668-BE54-9A1E7A4F7556}") = "Accoon.Pitshop.CustomerApi.Domain", "src\Pitshop.CustomerApi\Accoon.Pitshop.CustomerApi.Domain\Accoon.Pitshop.CustomerApi.Domain.csproj", "{7AEC939E-3B9D-4C2E-B1EE-2B1D7995178A}"
EndProject
Project("{2150E333-8FDC-42A3-9474-1A3956D46DE8}") = "Infastructure", "Infastructure", "{06ED3EBE-DBDB-4870-8E4E-2D3FBEB2FA4A}"
EndProject
Project("{9A19103F-16F7-4668-BE54-9A1E7A4F7556}") = "Accoon.Pitshop.CustomerApi.Infastructure", "src\Pitshop.CustomerApi\Accoon.Pitshop.CustomerApi.Infastructure\Accoon.Pitshop.CustomerApi.Infastructure.csproj", "{CEDB6FFE-2C00-4053-AA40-9B629D352189}"
EndProject
Project("{2150E333-8FDC-42A3-9474-1A3956D46DE8}") = "Persistence", "Persistence", "{688EFDC8-5629-4D7F-9653-DB490CBB3B71}"
EndProject
Project("{9A19103F-16F7-4668-BE54-9A1E7A4F7556}") = "Accoon.Pitshop.CustomerApi.Persistence", "src\Pitshop.CustomerApi\Accoon.Pitshop.CustomerApi.Persistence\Accoon.Pitshop.CustomerApi.Persistence.csproj", "{ABB62996-59FB-43DF-9672-251892BB00F5}"
EndProject
Global
	GlobalSection(SolutionConfigurationPlatforms) = preSolution
		Debug|Any CPU = Debug|Any CPU
		Release|Any CPU = Release|Any CPU
	EndGlobalSection
	GlobalSection(ProjectConfigurationPlatforms) = postSolution
		{277E1BC9-B2A8-4AB1-9E1F-D3B3A6F49F7F}.Debug|Any CPU.ActiveCfg = Debug|Any CPU
		{277E1BC9-B2A8-4AB1-9E1F-D3B3A6F49F7F}.Debug|Any CPU.Build.0 = Debug|Any CPU
		{277E1BC9-B2A8-4AB1-9E1F-D3B3A6F49F7F}.Release|Any CPU.ActiveCfg = Release|Any CPU
		{277E1BC9-B2A8-4AB1-9E1F-D3B3A6F49F7F}.Release|Any CPU.Build.0 = Release|Any CPU
		{595489CB-1DD7-420E-8B2F-7EC24992C3E0}.Debug|Any CPU.ActiveCfg = Debug|Any CPU
		{595489CB-1DD7-420E-8B2F-7EC24992C3E0}.Debug|Any CPU.Build.0 = Debug|Any CPU
		{595489CB-1DD7-420E-8B2F-7EC24992C3E0}.Release|Any CPU.ActiveCfg = Release|Any CPU
		{595489CB-1DD7-420E-8B2F-7EC24992C3E0}.Release|Any CPU.Build.0 = Release|Any CPU
		{7AEC939E-3B9D-4C2E-B1EE-2B1D7995178A}.Debug|Any CPU.ActiveCfg = Debug|Any CPU
		{7AEC939E-3B9D-4C2E-B1EE-2B1D7995178A}.Debug|Any CPU.Build.0 = Debug|Any CPU
		{7AEC939E-3B9D-4C2E-B1EE-2B1D7995178A}.Release|Any CPU.ActiveCfg = Release|Any CPU
		{7AEC939E-3B9D-4C2E-B1EE-2B1D7995178A}.Release|Any CPU.Build.0 = Release|Any CPU
		{CEDB6FFE-2C00-4053-AA40-9B629D352189}.Debug|Any CPU.ActiveCfg = Debug|Any CPU
		{CEDB6FFE-2C00-4053-AA40-9B629D352189}.Debug|Any CPU.Build.0 = Debug|Any CPU
		{CEDB6FFE-2C00-4053-AA40-9B629D352189}.Release|Any CPU.ActiveCfg = Release|Any CPU
		{CEDB6FFE-2C00-4053-AA40-9B629D352189}.Release|Any CPU.Build.0 = Release|Any CPU
		{ABB62996-59FB-43DF-9672-251892BB00F5}.Debug|Any CPU.ActiveCfg = Debug|Any CPU
		{ABB62996-59FB-43DF-9672-251892BB00F5}.Debug|Any CPU.Build.0 = Debug|Any CPU
		{ABB62996-59FB-43DF-9672-251892BB00F5}.Release|Any CPU.ActiveCfg = Release|Any CPU
		{ABB62996-59FB-43DF-9672-251892BB00F5}.Release|Any CPU.Build.0 = Release|Any CPU
	EndGlobalSection
	GlobalSection(SolutionProperties) = preSolution
		HideSolutionNode = FALSE
	EndGlobalSection
	GlobalSection(NestedProjects) = preSolution
		{5279F2B1-D276-4C32-8D1D-5C2DF0A65D7A} = {E9B0C4EC-7EE1-4F04-9E46-8111B93D269E}
		{277E1BC9-B2A8-4AB1-9E1F-D3B3A6F49F7F} = {5279F2B1-D276-4C32-8D1D-5C2DF0A65D7A}
		{81609441-4AB1-48E4-8217-019B73B5F08C} = {E9B0C4EC-7EE1-4F04-9E46-8111B93D269E}
		{595489CB-1DD7-420E-8B2F-7EC24992C3E0} = {81609441-4AB1-48E4-8217-019B73B5F08C}
		{B747CC1A-0F15-45EE-ABF2-0FB777BC6A75} = {E9B0C4EC-7EE1-4F04-9E46-8111B93D269E}
		{7AEC939E-3B9D-4C2E-B1EE-2B1D7995178A} = {B747CC1A-0F15-45EE-ABF2-0FB777BC6A75}
		{06ED3EBE-DBDB-4870-8E4E-2D3FBEB2FA4A} = {E9B0C4EC-7EE1-4F04-9E46-8111B93D269E}
		{CEDB6FFE-2C00-4053-AA40-9B629D352189} = {06ED3EBE-DBDB-4870-8E4E-2D3FBEB2FA4A}
		{688EFDC8-5629-4D7F-9653-DB490CBB3B71} = {E9B0C4EC-7EE1-4F04-9E46-8111B93D269E}
		{ABB62996-59FB-43DF-9672-251892BB00F5} = {688EFDC8-5629-4D7F-9653-DB490CBB3B71}
	EndGlobalSection
	GlobalSection(ExtensibilityGlobals) = postSolution
		SolutionGuid = {1BF9B1E4-7FFB-41F9-9E99-A6538D1E3FB9}
	EndGlobalSection
EndGlobal
